
Microsoft Visual Studio Solution File, Format Version 12.00
# Visual Studio Version 16
VisualStudioVersion = 16.0.29215.179
MinimumVisualStudioVersion = 10.0.40219.1
Project("{FAE04EC0-301F-11D3-BF4B-00C04F79EFBC}") = "DataGridView", "DataGridView.csproj", "{7703004A-A8FD-4442-A157-93DF52E2D217}"
EndProject
Global
	GlobalSection(SolutionConfigurationPlatforms) = preSolution
		Debug|Any CPU = Debug|Any CPU
		Release|Any CPU = Release|Any CPU
	EndGlobalSection
	GlobalSection(ProjectConfigurationPlatforms) = postSolution
		{7703004A-A8FD-4442-A157-93DF52E2D217}.Debug|Any CPU.ActiveCfg = Debug|Any CPU
		{7703004A-A8FD-4442-A157-93DF52E2D217}.Debug|Any CPU.Build.0 = Debug|Any CPU
		{7703004A-A8FD-4442-A157-93DF52E2D217}.Release|Any CPU.ActiveCfg = Release|Any CPU
		{7703004A-A8FD-4442-A157-93DF52E2D217}.Release|Any CPU.Build.0 = Release|Any CPU
	EndGlobalSection
	GlobalSection(SolutionProperties) = preSolution
		HideSolutionNode = FALSE
	EndGlobalSection
	GlobalSection(ExtensibilityGlobals) = postSolution
		SolutionGuid = {D31B4E3F-0010-40E2-8052-01866B5FF913}
	EndGlobalSection
EndGlobal
